
Microsoft Visual Studio Solution File, Format Version 12.00
# Visual Studio 2012
Project("{FAE04EC0-301F-11D3-BF4B-00C04F79EFBC}") = "Server", "WindowsFormsApplication2\Server.csproj", "{81668582-1397-4DC2-9BE4-C1A110020844}"
EndProject
Project("{FAE04EC0-301F-11D3-BF4B-00C04F79EFBC}") = "Client", "WindowsFormsApplication1\Client.csproj", "{1E6EA2CA-D59B-4182-AF34-CF6D95E31927}"
EndProject
Global
	GlobalSection(SolutionConfigurationPlatforms) = preSolution
		Debug|Any CPU = Debug|Any CPU
		Release|Any CPU = Release|Any CPU
	EndGlobalSection
	GlobalSection(ProjectConfigurationPlatforms) = postSolution
		{81668582-1397-4DC2-9BE4-C1A110020844}.Debug|Any CPU.ActiveCfg = Debug|Any CPU
		{81668582-1397-4DC2-9BE4-C1A110020844}.Debug|Any CPU.Build.0 = Debug|Any CPU
		{81668582-1397-4DC2-9BE4-C1A110020844}.Release|Any CPU.ActiveCfg = Release|Any CPU
		{81668582-1397-4DC2-9BE4-C1A110020844}.Release|Any CPU.Build.0 = Release|Any CPU
		{1E6EA2CA-D59B-4182-AF34-CF6D95E31927}.Debug|Any CPU.ActiveCfg = Debug|Any CPU
		{1E6EA2CA-D59B-4182-AF34-CF6D95E31927}.Debug|Any CPU.Build.0 = Debug|Any CPU
		{1E6EA2CA-D59B-4182-AF34-CF6D95E31927}.Release|Any CPU.ActiveCfg = Release|Any CPU
		{1E6EA2CA-D59B-4182-AF34-CF6D95E31927}.Release|Any CPU.Build.0 = Release|Any CPU
	EndGlobalSection
	GlobalSection(SolutionProperties) = preSolution
		HideSolutionNode = FALSE
	EndGlobalSection
EndGlobal
